
Microsoft Visual Studio Solution File, Format Version 12.00
# Visual Studio Version 17
VisualStudioVersion = 17.0.32014.148
MinimumVisualStudioVersion = 10.0.40219.1
Project("{FAE04EC0-301F-11D3-BF4B-00C04F79EFBC}") = "KHM.Backand", "KHM.Backand\KHM.Backand.csproj", "{0C17895B-6040-43C4-A237-4198152BFBDA}"
EndProject
Global
	GlobalSection(SolutionConfigurationPlatforms) = preSolution
		Debug|Any CPU = Debug|Any CPU
		Release|Any CPU = Release|Any CPU
	EndGlobalSection
	GlobalSection(ProjectConfigurationPlatforms) = postSolution
		{0C17895B-6040-43C4-A237-4198152BFBDA}.Debug|Any CPU.ActiveCfg = Debug|Any CPU
		{0C17895B-6040-43C4-A237-4198152BFBDA}.Debug|Any CPU.Build.0 = Debug|Any CPU
		{0C17895B-6040-43C4-A237-4198152BFBDA}.Release|Any CPU.ActiveCfg = Release|Any CPU
		{0C17895B-6040-43C4-A237-4198152BFBDA}.Release|Any CPU.Build.0 = Release|Any CPU
	EndGlobalSection
	GlobalSection(SolutionProperties) = preSolution
		HideSolutionNode = FALSE
	EndGlobalSection
	GlobalSection(ExtensibilityGlobals) = postSolution
		SolutionGuid = {1545A47B-586B-42D1-A5BA-0D6EB8C67D6B}
	EndGlobalSection
EndGlobal
